{
    "_meta": {
        "hash": {
            "sha256": "a712ea802e65091bb2da91349f6cdc8cc92faf80cd865fd7973342fba7a0b246"
        },
        "pipfile-spec": 6,
        "requires": {
            "python_version": "3.9"
        },
        "sources": [
            {
                "name": "pypi",
                "url": "https://pypi.org/simple",
                "verify_ssl": true
            }
        ]
    },
    "default": {
        "boto3": {
            "hashes": [
                "sha256:16bc657d16403ee8e11c8b6920c245629e37a36ea60352b919da566f82b4cb4c",
                "sha256:3c7fd95a50c69271bd7707b7eda07dcfddb30e961a392613010f7ee81d91acb3"
            ],
            "index": "pypi",
            "markers": "python_version >= '3.9'",
            "version": "==1.42.75"
        },
        "botocore": {
            "hashes": [
                "sha256:915e43b7ac8f50cf3dbc937ba713de5acb999ea48ad8fecd1589d92ad415f787",
                "sha256:95c8e716b6be903ee1601531caa4f50217400aa877c18fe9a2c3047d2945d477"
            ],
            "index": "pypi",
            "markers": "python_version >= '3.9'",
            "version": "==1.42.75"
        },
        "greenlet": {
            "hashes": [
                "sha256:04633da773ae432649a3f092a8e4add390732cc9e1ab52c8ff2c91b8dc86f202",
                "sha256:04e6a202cde56043fd355fefd1552c4caa5c087528121871d950eb4f1b51fa99",
                "sha256:050703a60603db0e817364d69e048c70af299040c13a7e67792b9e62d4571196",
                "sha256:0bc06a78fa3ffbe2a75f1ebc7e040eacf6fa1050a9432953ab111fbbbf0d03c1",
                "sha256:0d2a78e6f1bf3f1672df91e212a2f8314e1e7c922f065d14cbad4bc815059467",
                "sha256:15871afc0d78ec87d15d8412b337f287fc69f8f669346e391585824970931c48",
                "sha256:2acb30e77042f747ca81f0a10cc153296567e92e666c5e1b117f4595afd43352",
                "sha256:2c7429f6e9cea7cbf2637d86d3db12806ba970f7f972fcab39d6b54b4457cbaf",
                "sha256:34cc7cf8ab6f4b85298b01e13e881265ee7b3c1daf6bc10a2944abc15d4f87c3",
                "sha256:3828b309dfb1f117fe54867512a8265d8d4f00f8de6908eef9b885f4d8789062",
                "sha256:393c03c26c865f17f31d8db2f09603fadbe0581ad85a5d5908b131549fc38217",
                "sha256:4544ab2cfd5912e42458b13516429e029f87d8bbcdc8d5506db772941ae12493",
                "sha256:45fcea7b697b91290b36eafc12fff479aca6ba6500d98ef6f34d5634c7119cbe",
                "sha256:472841de62d60f2cafd60edd4fd4dd7253eb70e6eaf14b8990dcaf177f4af957",
                "sha256:499b809e7738c8af0ff9ac9d5dd821cb93f4293065a9237543217f0b252f950a",
                "sha256:5bf0d7d62e356ef2e87e55e46a4e930ac165f9372760fb983b5631bb479e9d3a",
                "sha256:5ceb29d1f74c7280befbbfa27b9bf91ba4a07a1a00b2179a5d953fc219b16c42",
                "sha256:60c06b502d56d5451f60ca665691da29f79ed95e247bcf8ce5024d7bbe64acb9",
                "sha256:6712bfd520530eb67331813f7112d3ee18e206f48b3d026d8a96cd2d2ad20251",
                "sha256:67725ae9fea62c95cf1aa230f1b8d4dc38f7cd14f6103d1df8a5a95657eb8e54",
                "sha256:6dff6433742073e5b6ad40953a78a0e8cddcb3f6869e5ea635d29a810ca5e7d0",
                "sha256:6e8fe0c72603201a86b2e038daf9b6c8570715f8779566419cff543b6ace88de",
                "sha256:7123b29e6bad2f3f89681be4ef316480fca798ebe8d22fbaced9cc3775007a4f",
                "sha256:752c896a8c976548faafe8a306d446c6a4c68d4fd24699b84d4393bd9ac69a8e",
                "sha256:7d951e7d628a6e8b68af469f0fe4f100ef64c4054abeb9cdafbfaa30a920c950",
                "sha256:87b791dd0e031a574249af717ac36f7031b18c35329561c1e0368201c18caf1f",
                "sha256:a145f4b1c4ed7a2c94561b7f18b4beec3d3fb6f0580db22f7ed1d544e0620b34",
                "sha256:a5e4b25e855800fba17713020c5c33e0a4b7a1829027719344f0c7c8870092a2",
                "sha256:ac8db07bced2c39b987bba13a3195f8157b0cfbce54488f86919321444a1cc3c",
                "sha256:acabf468466d18017e2ae5fbf1a5a88b86b48983e550e1ae1437b69a83d9f4ac",
                "sha256:bd593db7ee1fa8a513a48a404f8cc4126998a48025e3f5cbbc68d51be0a6bf66",
                "sha256:bdd67619cefe1cc9fcab57c8853d2bb36eca9f166c0058cc0d428d471f7c785c",
                "sha256:c11fe0cfb0ce33132f0b5d27eeadd1954976a82e5e9b60909ec2c4b884a55382",
                "sha256:c5445ddb7b586d870dad32ca9fc47c287d6022a528d194efdb8912093c5303ad",
                "sha256:c816554eb33e7ecf9ba4defcb1fd8c994e59be6b4110da15480b3e7447ea4286",
                "sha256:c8317d732e2ae0935d9ed2af2ea876fa714cf6f3b887a31ca150b54329b0a6e9",
                "sha256:cc1d01bdd67db3e5711e6246e451d7a0f75fae7bbf40adde129296a7f9aa7cc9",
                "sha256:ce8aed6fdd5e07d3cbb988cbdc188266a4eb9e1a52db9ef5c6526e59962d3933",
                "sha256:d5583b2ffa677578a384337ee13125bdf9a427485d689014b39d638a4f3d8dbe",
                "sha256:d7456e67b0be653dfe643bb37d9566cd30939c80f858e2ce6d2d54951f75b14a",
                "sha256:dbe0e81e24982bb45907ca20152b31c2e3300ca352fdc4acbd4956e4a2cbc195",
                "sha256:e3f03ddd7142c758ab41c18089a1407b9959bd276b4e6dfbd8fd06403832c87a",
                "sha256:e66872daffa360b2537170b73ad530f14fa31785b1bc78080125d92edf0a6def",
                "sha256:edbf4ab9a7057ee430a678fe2ef37ea5d69125d6bdc7feb42ed8d871c737e63b",
                "sha256:f2cc88b50b9006b324c1b9f5f3552f9d4564c78af57cdfb4c7baf4f0aa089146",
                "sha256:f96e2bb8a56b7e1aed1dbfbbe0050cb2ecca99c7c91892fd1771e3afab63b3e3",
                "sha256:fd904626b8779810062cb455514594776e3cba3b8c0ba4939894df9f7b384971"
            ],
            "markers": "platform_machine == 'aarch64' or (platform_machine == 'ppc64le' or (platform_machine == 'x86_64' or (platform_machine == 'amd64' or (platform_machine == 'AMD64' or (platform_machine == 'win32' or platform_machine == 'WIN32')))))",
            "version": "==3.2.5"
        },
        "jmespath": {
            "hashes": [
                "sha256:472c87d80f36026ae83c6ddd0f1d05d4e510134ed462851fd5f754c8c3cbb88d",
                "sha256:a5663118de4908c91729bea0acadca56526eb2698e83de10cd116ae0f4e97c64"
            ],
            "markers": "python_version >= '3.9'",
            "version": "==1.1.0"
        },
        "microservices": {
            "editable": true,
            "path": "./.."
        },
        "numpy": {
            "hashes": [
                "sha256:0123ffdaa88fa4ab64835dcbde75dcdf89c453c922f18dced6e27c90d1d0ec5a",
                "sha256:11a76c372d1d37437857280aa142086476136a8c0f373b2e648ab2c8f18fb195",
                "sha256:13e689d772146140a252c3a28501da66dfecd77490b498b168b501835041f951",
                "sha256:1e795a8be3ddbac43274f18588329c72939870a16cae810c2b73461c40718ab1",
                "sha256:26df23238872200f63518dd2aa984cfca675d82469535dc7162dc2ee52d9dd5c",
                "sha256:286cd40ce2b7d652a6f22efdfc6d1edf879440e53e76a75955bc0c826c7e64dc",
                "sha256:2b2955fa6f11907cf7a70dab0d0755159bca87755e831e47932367fc8f2f2d0b",
                "sha256:2da5960c3cf0df7eafefd806d4e612c5e19358de82cb3c343631188991566ccd",
                "sha256:312950fdd060354350ed123c0e25a71327d3711584beaef30cdaa93320c392d4",
                "sha256:423e89b23490805d2a5a96fe40ec507407b8ee786d66f7328be214f9679df6dd",
                "sha256:496f71341824ed9f3d2fd36cf3ac57ae2e0165c143b55c3a035ee219413f3318",
                "sha256:49ca4decb342d66018b01932139c0961a8f9ddc7589611158cb3c27cbcf76448",
                "sha256:51129a29dbe56f9ca83438b706e2e69a39892b5eda6cedcb6b0c9fdc9b0d3ece",
                "sha256:5fec9451a7789926bcf7c2b8d187292c9f93ea30284802a0ab3f5be8ab36865d",
                "sha256:671bec6496f83202ed2d3c8fdc486a8fc86942f2e69ff0e986140339a63bcbe5",
                "sha256:7f0a0c6f12e07fa94133c8a67404322845220c06a9e80e85999afe727f7438b8",
                "sha256:807ec44583fd708a21d4a11d94aedf2f4f3c3719035c76a2bbe1fe8e217bdc57",
                "sha256:883c987dee1880e2a864ab0dc9892292582510604156762362d9326444636e78",
                "sha256:8c5713284ce4e282544c68d1c3b2c7161d38c256d2eefc93c1d683cf47683e66",
                "sha256:8cafab480740e22f8d833acefed5cc87ce276f4ece12fdaa2e8903db2f82897a",
                "sha256:8df823f570d9adf0978347d1f926b2a867d5608f434a7cff7f7908c6570dcf5e",
                "sha256:9059e10581ce4093f735ed23f3b9d283b9d517ff46009ddd485f1747eb22653c",
                "sha256:905d16e0c60200656500c95b6b8dca5d109e23cb24abc701d41c02d74c6b3afa",
                "sha256:9189427407d88ff25ecf8f12469d4d39d35bee1db5d39fc5c168c6f088a6956d",
                "sha256:96a55f64139912d61de9137f11bf39a55ec8faec288c75a54f93dfd39f7eb40c",
                "sha256:97032a27bd9d8988b9a97a8c4d2c9f2c15a81f61e2f21404d7e8ef00cb5be729",
                "sha256:984d96121c9f9616cd33fbd0618b7f08e0cfc9600a7ee1d6fd9b239186d19d97",
                "sha256:9a92ae5c14811e390f3767053ff54eaee3bf84576d99a2456391401323f4ec2c",
                "sha256:9ea91dfb7c3d1c56a0e55657c0afb38cf1eeae4544c208dc465c3c9f3a7c09f9",
                "sha256:a15f476a45e6e5a3a79d8a14e62161d27ad897381fecfa4a09ed5322f2085669",
                "sha256:a392a68bd329eafac5817e5aefeb39038c48b671afd242710b451e76090e81f4",
                "sha256:a3f4ab0caa7f053f6797fcd4e1e25caee367db3112ef2b6ef82d749530768c73",
                "sha256:a46288ec55ebbd58947d31d72be2c63cbf839f0a63b49cb755022310792a3385",
                "sha256:a61ec659f68ae254e4d237816e33171497e978140353c0c2038d46e63282d0c8",
                "sha256:a842d573724391493a97a62ebbb8e731f8a5dcc5d285dfc99141ca15a3302d0c",
                "sha256:becfae3ddd30736fe1889a37f1f580e245ba79a5855bff5f2a29cb3ccc22dd7b",
                "sha256:c05e238064fc0610c840d1cf6a13bf63d7e391717d247f1bf0318172e759e692",
                "sha256:c1c9307701fec8f3f7a1e6711f9089c06e6284b3afbbcd259f7791282d660a15",
                "sha256:c7b0be4ef08607dd04da4092faee0b86607f111d5ae68036f16cc787e250a131",
                "sha256:cfd41e13fdc257aa5778496b8caa5e856dc4896d4ccf01841daee1d96465467a",
                "sha256:d731a1c6116ba289c1e9ee714b08a8ff882944d4ad631fd411106a30f083c326",
                "sha256:df55d490dea7934f330006d0f81e8551ba6010a5bf035a249ef61a94f21c500b",
                "sha256:ec9852fb39354b5a45a80bdab5ac02dd02b15f44b3804e9f00c556bf24b4bded",
                "sha256:f15975dfec0cf2239224d80e32c3170b1d168335eaedee69da84fbe9f1f9cd04",
                "sha256:f26b258c385842546006213344c50655ff1555a9338e2e5e02a0756dc3e803dd"
            ],
            "markers": "python_version < '3.11'",
            "version": "==2.0.2"
        },
        "pandas": {
            "hashes": [
                "sha256:0242fe9a49aa8b4d78a4fa03acb397a58833ef6199e9aa40a95f027bb3a1b6e7",
                "sha256:1611aedd912e1ff81ff41c745822980c49ce4a7907537be8692c8dbc31924593",
                "sha256:1b07204a219b3b7350abaae088f451860223a52cfb8a6c53358e7948735158e5",
                "sha256:1d37b5848ba49824e5c30bedb9c830ab9b7751fd049bc7914533e01c65f79791",
                "sha256:23ebd657a4d38268c7dfbdf089fbc31ea709d82e4923c5ffd4fbd5747133ce73",
                "sha256:2462b1a365b6109d275250baaae7b760fd25c726aaca0054649286bcfbb3e8ec",
                "sha256:28083c648d9a99a5dd035ec125d42439c6c1c525098c58af0fc38dd1a7a1b3d4",
                "sha256:2e3ebdb170b5ef78f19bfb71b0dc5dc58775032361fa188e814959b74d726dd5",
                "sha256:318d77e0e42a628c04dc56bcef4b40de67918f7041c2b061af1da41dcff670ac",
                "sha256:371a4ab48e950033bcf52b6527eccb564f52dc826c02afd9a1bc0ab731bba084",
                "sha256:376c6446ae31770764215a6c937f72d917f214b43560603cd60da6408f183b6c",
                "sha256:3869faf4bd07b3b66a9f462417d0ca3a9df29a9f6abd5d0d0dbab15dac7abe87",
                "sha256:3fd2f887589c7aa868e02632612ba39acb0b8948faf5cc58f0850e165bd46f35",
                "sha256:4793891684806ae50d1288c9bae9330293ab4e083ccd1c5e383c34549c6e4250",
                "sha256:4e0a175408804d566144e170d0476b15d78458795bb18f1304fb94160cabf40c",
                "sha256:503cf027cf9940d2ceaa1a93cfb5f8c8c7e6e90720a2850378f0b3f3b1e06826",
                "sha256:5554c929ccc317d41a5e3d1234f3be588248e61f08a74dd17c9eabb535777dc9",
                "sha256:56851a737e3470de7fa88e6131f41281ed440d29a9268dcbf0002da5ac366713",
                "sha256:5caf26f64126b6c7aec964f74266f435afef1c1b13da3b0636c7518a1fa3e2b1",
                "sha256:602b8615ebcc4a0c1751e71840428ddebeb142ec02c786e8ad6b1ce3c8dec523",
                "sha256:6253c72c6a1d990a410bc7de641d34053364ef8bcd3126f7e7450125887dffe3",
                "sha256:6435cb949cb34ec11cc9860246ccb2fdc9ecd742c12d3304989017d53f039a78",
                "sha256:6d21f6d74eb1725c2efaa71a2bfc661a0689579b58e9c0ca58a739ff0b002b53",
                "sha256:6d2cefc361461662ac48810cb14365a365ce864afe85ef1f447ff5a1e99ea81c",
                "sha256:74ecdf1d301e812db96a465a525952f4dde225fdb6d8e5a521d47e1f42041e21",
                "sha256:75ea25f9529fdec2d2e93a42c523962261e567d250b0013b16210e1d40d7c2e5",
                "sha256:854d00d556406bffe66a4c0802f334c9ad5a96b4f1f868adf036a21b11ef13ff",
                "sha256:8fe25fc7b623b0ef6b5009149627e34d2a4657e880948ec3c840e9402e5c1b45",
                "sha256:900f47d8f20860de523a1ac881c4c36d65efcb2eb850e6948140fa781736e110",
                "sha256:93c2d9ab0fc11822b5eece72ec9587e172f63cff87c00b062f6e37448ced4493",
                "sha256:a16dcec078a01eeef8ee61bf64074b4e524a2a3f4b3be9326420cabe59c4778b",
                "sha256:a21d830e78df0a515db2b3d2f5570610f5e6bd2e27749770e8bb7b524b89b450",
                "sha256:a45c765238e2ed7d7c608fc5bc4a6f88b642f2f01e70c0c23d2224dd21829d86",
                "sha256:a637c5cdfa04b6d6e2ecedcb81fc52ffb0fd78ce2ebccc9ea964df9f658de8c8",
                "sha256:a68e15f780eddf2b07d242e17a04aa187a7ee12b40b930bfdd78070556550e98",
                "sha256:b3d11d2fda7eb164ef27ffc14b4fcab16a80e1ce67e9f57e19ec0afaf715ba89",
                "sha256:b468d3dad6ff947df92dcb32ede5b7bd41a9b3cceef0a30ed925f6d01fb8fa66",
                "sha256:b98560e98cb334799c0b07ca7967ac361a47326e9b4e5a7dfb5ab2b1c9d35a1b",
                "sha256:bdcd9d1167f4885211e401b3036c0c8d9e274eee67ea8d0758a256d60704cfe8",
                "sha256:bf1f8a81d04ca90e32a0aceb819d34dbd378a98bf923b6398b9a3ec0bf44de29",
                "sha256:c46467899aaa4da076d5abc11084634e2d197e9460643dd455ac3db5856b24d6",
                "sha256:c4fc4c21971a1a9f4bdb4c73978c7f7256caa3e62b323f70d6cb80db583350bc",
                "sha256:c503ba5216814e295f40711470446bc3fd00f0faea8a086cbc688808e26f92a2",
                "sha256:d051c0e065b94b7a3cea50eb1ec32e912cd96dba41647eb24104b6c6c14c5788",
                "sha256:d3e28b3e83862ccf4d85ff19cf8c20b2ae7e503881711ff2d534dc8f761131aa",
                "sha256:db4301b2d1f926ae677a751eb2bd0e8c5f5319c9cb3f88b0becbbb0b07b34151",
                "sha256:dd7478f1463441ae4ca7308a70e90b33470fa593429f9d4c578dd00d1fa78838",
                "sha256:e05e1af93b977f7eafa636d043f9f94c7ee3ac81af99c13508215942e64c993b",
                "sha256:e19d192383eab2f4ceb30b412b22ea30690c9e618f78870357ae1d682912015a",
                "sha256:e32e7cc9af0f1cc15548288a51a3b681cc2a219faa838e995f7dc53dbab1062d",
                "sha256:ecaf1e12bdc03c86ad4a7ea848d66c685cb6851d807a26aa245ca3d2017a1908",
                "sha256:ee15f284898e7b246df8087fc82b87b01686f98ee67d85a17b7ab44143a3a9a0",
                "sha256:ee67acbbf05014ea6c763beb097e03cd629961c8a632075eeb34247120abcb4b",
                "sha256:f086f6fe114e19d92014a1966f43a3e62285109afe874f067f5abbdcbb10e59c",
                "sha256:f8bfc0e12dc78f777f323f55c58649591b2cd0c43534e8355c51d3fede5f4dee"
            ],
            "index": "pypi",
            "markers": "python_version >= '3.9'",
            "version": "==2.3.3"
        },
        "pymysql": {
            "hashes": [
                "sha256:4961d3e165614ae65014e361811a724e2044ad3ea3739de9903ae7c21f539f03",
                "sha256:e6b1d89711dd51f8f74b1631fe08f039e7d76cf67a42a323d3178f0f25762ed9"
            ],
            "index": "pypi",
            "markers": "python_version >= '3.8'",
            "version": "==1.1.2"
        },
        "python-dateutil": {
            "hashes": [
                "sha256:37dd54208da7e1cd875388217d5e00ebd4179249f90fb72437e91a35459a0ad3",
                "sha256:a8b2bc7bffae282281c8140a97d3aa9c14da0b136dfe83f850eea9a5f7470427"
            ],
            "markers": "python_version >= '2.7' and python_version not in '3.0, 3.1, 3.2, 3.3'",
            "version": "==2.9.0.post0"
        },
        "pytz": {
            "hashes": [
                "sha256:3378dde6a0c3d26719182142c56e60c7f9af7e968076f31aae569d72a0358ee1",
                "sha256:f2fd16142fda348286a75e1a524be810bb05d444e5a081f37f7affc635035f7a"
            ],
            "index": "pypi",
            "version": "==2026.1.post1"
        },
        "s3transfer": {
            "hashes": [
                "sha256:18e25d66fed509e3868dc1572b3f427ff947dd2c56f844a5bf09481ad3f3b2fe",
                "sha256:8e990f13268025792229cd52fa10cb7163744bf56e719e0b9cb925ab79abf920"
            ],
            "markers": "python_version >= '3.9'",
            "version": "==0.16.0"
        },
        "six": {
            "hashes": [
                "sha256:4721f391ed90541fddacab5acf947aa0d3dc7d27b2e1e8eda2be8970586c3274",
                "sha256:ff70335d468e7eb6ec65b95b99d3a2836546063f63acc5171de367e834932a81"
            ],
            "markers": "python_version >= '2.7' and python_version not in '3.0, 3.1, 3.2, 3.3'",
            "version": "==1.17.0"
        },
        "sqlalchemy": {
            "hashes": [
                "sha256:01f6bbd4308b23240cf7d3ef117557c8fd097ec9549d5d8a52977544e35b40ad",
                "sha256:07edba08061bc277bfdc772dd2a1a43978f5a45994dd3ede26391b405c15221e",
                "sha256:10853a53a4a00417a00913d270dddda75815fcb80675874285f41051c094d7dd",
                "sha256:1182437cb2d97988cfea04cf6cdc0b0bb9c74f4d56ec3d08b81e23d621a28cc6",
                "sha256:144921da96c08feb9e2b052c5c5c1d0d151a292c6135623c6b2c041f2a45f9e0",
                "sha256:1a89ce07ad2d4b8cfc30bd5889ec40613e028ed80ef47da7d9dd2ce969ad30e0",
                "sha256:1b4c575df7368b3b13e0cebf01d4679f9a28ed2ae6c1cd0b1d5beffb6b2007dc",
                "sha256:1ccd42229aaac2df431562117ac7e667d702e8e44afdb6cf0e50fa3f18160f0b",
                "sha256:2645b7d8a738763b664a12a1542c89c940daa55196e8d73e55b169cc5c99f65f",
                "sha256:288937433bd44e3990e7da2402fabc44a3c6c25d3704da066b85b89a85474ae0",
                "sha256:34634e196f620c7a61d18d5cf7dc841ca6daa7961aed75d532b7e58b309ac894",
                "sha256:348174f228b99f33ca1f773e85510e08927620caa59ffe7803b37170df30332b",
                "sha256:36ac4ddc3d33e852da9cb00ffb08cea62ca05c39711dc67062ca2bb1fae35fd8",
                "sha256:3713e21ea67bca727eecd4a24bf68bcd414c403faae4989442be60994301ded0",
                "sha256:389b984139278f97757ea9b08993e7b9d1142912e046ab7d82b3fbaeb0209131",
                "sha256:426c5ca86415d9b8945c7073597e10de9644802e2ff502b8e1f11a7a2642856b",
                "sha256:4599a95f9430ae0de82b52ff0d27304fe898c17cb5f4099f7438a51b9998ac77",
                "sha256:49b7bddc1eebf011ea5ab722fdbe67a401caa34a350d278cc7733c0e88fecb1f",
                "sha256:53667b5f668991e279d21f94ccfa6e45b4e3f4500e7591ae59a8012d0f010dcb",
                "sha256:546572a1793cc35857a2ffa1fe0e58571af1779bcc1ffa7c9fb0839885ed69a9",
                "sha256:583849c743e0e3c9bb7446f5b5addeacedc168d657a69b418063dfdb2d90081c",
                "sha256:5aee45fd2c6c0f2b9cdddf48c48535e7471e42d6fb81adfde801da0bd5b93241",
                "sha256:5b193a7e29fd9fa56e502920dca47dffe60f97c863494946bd698c6058a55658",
                "sha256:5ca74f37f3369b45e1f6b7b06afb182af1fd5dde009e4ffd831830d98cbe5fe7",
                "sha256:68549c403f79a8e25984376480959975212a670405e3913830614432b5daa07a",
                "sha256:69f5bc24904d3bc3640961cddd2523e361257ef68585d6e364166dfbe8c78fae",
                "sha256:6bb85c546591569558571aa1b06aba711b26ae62f111e15e56136d69920e1616",
                "sha256:6f7b7243850edd0b8b97043f04748f31de50cf426e939def5c16bedb540698f7",
                "sha256:7001dc9d5f6bb4deb756d5928eaefe1930f6f4179da3924cbd95ee0e9f4dce89",
                "sha256:7a936f1bb23d370b7c8cc079d5fce4c7d18da87a33c6744e51a93b0f9e97e9b3",
                "sha256:7c998f2ace8bf76b453b75dbcca500d4f4b9dd3908c13e89b86289b37784848b",
                "sha256:7cddca31edf8b0653090cbb54562ca027c421c58ddde2c0685f49ff56a1690e0",
                "sha256:8183dc57ae7d9edc1346e007e840a9f3d6aa7b7f165203a99e16f447150140d2",
                "sha256:82745b03b4043e04600a6b665cb98697c4339b24e34d74b0a2ac0a2488b6f94d",
                "sha256:841a94c66577661c1f088ac958cd767d7c9bf507698f45afffe7a4017049de76",
                "sha256:858e433f12b0e5b3ed2f8da917433b634f4937d0e8793e5cb33c54a1a01df565",
                "sha256:908a3fa6908716f803b86896a09a2c4dde5f5ce2bb07aacc71ffebb57986ce99",
                "sha256:9764014ef5e58aab76220c5664abb5d47d5bc858d9debf821e55cfdd0f128485",
                "sha256:9c7d0a77e36b5f4b01ca398482230ab792061d243d715299b44a0b55c89fe617",
                "sha256:a5b429eb84339f9f05e06083f119ad814e6d85e27ecbdf9c551dfdbb128eaf8a",
                "sha256:a66fe406437dd65cacd96a72689a3aaaecaebbcd62d81c5ac1c0fdbeac835096",
                "sha256:a6b764fb312bd35e47797ad2e63f0d323792837a6ac785a4ca967019357d2bc7",
                "sha256:b19151e76620a412c2ac1c6f977ab1b9fa7ad43140178345136456d5265b32ed",
                "sha256:b8438ec5594980d405251451c5b7ea9aa58dda38eb7ac35fb7e4c696712ee24f",
                "sha256:b8fc3454b4f3bd0a368001d0e968852dad45a873f8b4babd41bc302ec851a099",
                "sha256:bcb8ebbf2e2c36cfe01a94f2438012c6a9d494cf80f129d9753bcdf33bfc35a6",
                "sha256:d404dc897ce10e565d647795861762aa2d06ca3f4a728c5e9a835096c7059018",
                "sha256:d612c976cbc2d17edfcc4c006874b764e85e990c29ce9bd411f926bbfb02b9a2",
                "sha256:d64177f443594c8697369c10e4bbcac70ef558e0f7921a1de7e4a3d1734bcf67",
                "sha256:d854b3970067297f3a7fbd7a4683587134aa9b3877ee15aa29eea478dc68f933",
                "sha256:d8fcccbbc0c13c13702c471da398b8cd72ba740dca5859f148ae8e0e8e0d3e7e",
                "sha256:e004aa9248e8cb0a5f9b96d003ca7c1c0a5da8decd1066e7b53f59eb8ce7c62b",
                "sha256:e214d546c8ecb5fc22d6e6011746082abf13a9cf46eefb45769c7b31407c97b5",
                "sha256:e2d0d88686e3d35a76f3e15a34e8c12d73fc94c1dea1cd55782e695cc14086dd",
                "sha256:e2f35b4cccd9ed286ad62e0a3c3ac21e06c02abc60e20aa51a3e305a30f5fa79",
                "sha256:e3070c03701037aa418b55d36532ecb8f8446ed0135acb71c678dbdf12f5b6e4",
                "sha256:e5e088bf43f6ee6fec7dbf1ef7ff7774a616c236b5c0cb3e00662dd71a56b571",
                "sha256:e83e3f959aaa1c9df95c22c528096d94848a1bc819f5d0ebf7ee3df0ca63db6c",
                "sha256:f0dcbc588cd5b725162c076eb9119342f6579c7f7f55057bb7e3c6ff27e13121",
                "sha256:f27f9da0a7d22b9f981108fd4b62f8b5743423388915a563e651c20d06c1f457",
                "sha256:f8649a14caa5f8a243628b1d61cf530ad9ae4578814ba726816adb1121fc493e",
                "sha256:fac0fa4e4f55f118fd87177dacb1c6522fe39c28d498d259014020fec9164c29",
                "sha256:fd08b90d211c086181caed76931ecfa2bdfc83eea3cfccdb0f82abc6c4b876cb"
            ],
            "index": "pypi",
            "markers": "python_version >= '3.7'",
            "version": "==2.0.48"
        },
        "typing-extensions": {
            "hashes": [
                "sha256:0cea48d173cc12fa28ecabc3b837ea3cf6f38c6d1136f85cbaaf598984861466",
                "sha256:f0fa19c6845758ab08074a0cfa8b7aecb71c999ca73d62883bc25cc018c4e548"
            ],
            "markers": "python_version >= '3.9'",
            "version": "==4.15.0"
        },
        "tzdata": {
            "hashes": [
                "sha256:06a47e5700f3081aab02b2e513160914ff0694bce9947d6b76ebd6bf57cfc5d1",
                "sha256:de39c2ca5dc7b0344f2eba86f49d614019d29f060fc4ebc8a417896a620b56a7"
            ],
            "markers": "python_version >= '2'",
            "version": "==2025.3"
        },
        "tzlocal": {
            "hashes": [
                "sha256:cceffc7edecefea1f595541dbd6e990cb1ea3d19bf01b2809f362a03dd7921fd",
                "sha256:eb1a66c3ef5847adf7a834f1be0800581b683b5608e74f86ecbcef8ab91bb85d"
            ],
            "index": "pypi",
            "markers": "python_version >= '3.9'",
            "version": "==5.3.1"
        },
        "urllib3": {
            "hashes": [
                "sha256:0ed14ccfbf1c30a9072c7ca157e4319b70d65f623e91e7b32fadb2853431016e",
                "sha256:40c2dc0c681e47eb8f90e7e27bf6ff7df2e677421fd46756da1161c39ca70d32"
            ],
            "markers": "python_version < '3.10'",
            "version": "==1.26.20"
        }
    },
    "develop": {}
}
