{
    "_meta": {
        "hash": {
            "sha256": "b6e52f4e35006ea7ab305131e265bcc4f2b71c3b88a12a7f0f24d06249b238f8"
        },
        "pipfile-spec": 6,
        "requires": {
            "python_version": "3.9"
        },
        "sources": [
            {
                "name": "pypi",
                "url": "https://pypi.org/simple",
                "verify_ssl": true
            }
        ]
    },
    "default": {
        "boto3": {
            "hashes": [
                "sha256:2833dbeda3670ea610ad48dff7d27cdc829dbbfcdfbc6b750b673948e949b6f0",
                "sha256:966e49f0510af9a64057a902b7df53d4348c447de0d3df4cc855dfd85e058fcd"
            ],
            "index": "pypi",
            "markers": "python_version >= '3.9'",
            "version": "==1.42.97"
        },
        "botocore": {
            "hashes": [
                "sha256:5c0bb00e32d16ff6d278cc8c9e10dc3672d9c1d569031635ac3c908a60de8310",
                "sha256:77d2c8ce1bc592d3fbd7c01c35836f4a5b0cac2ca03ccdf6ffc60faa16b5fadc"
            ],
            "index": "pypi",
            "markers": "python_version >= '3.9'",
            "version": "==1.42.97"
        },
        "jmespath": {
            "hashes": [
                "sha256:472c87d80f36026ae83c6ddd0f1d05d4e510134ed462851fd5f754c8c3cbb88d",
                "sha256:a5663118de4908c91729bea0acadca56526eb2698e83de10cd116ae0f4e97c64"
            ],
            "markers": "python_version >= '3.9'",
            "version": "==1.1.0"
        },
        "microservices": {
            "editable": true,
            "path": "./.."
        },
        "psycopg2-binary": {
            "hashes": [
                "sha256:00814e40fa23c2b37ef0a1e3c749d89982c73a9cb5046137f0752a22d432e82f",
                "sha256:049366c6d884bdcd65d66e6ca1fdbebe670b56c6c9ba46f164e6667e90881964",
                "sha256:0dc9228d47c46bda253d2ecd6bb93b56a9f2d7ad33b684a1fa3622bf74ffe30c",
                "sha256:1006fb62f0f0bc5ce256a832356c6262e91be43f5e4eb15b5eaf38079464caf2",
                "sha256:127467c6e476dd876634f17c3d870530e73ff454ff99bff73d36e80af28e1115",
                "sha256:1c8ad4c08e00f7679559eaed7aff1edfffc60c086b976f93972f686384a95e2c",
                "sha256:29d4d134bd0ab46ffb04e94aa3c5fa3ef582e9026609165e2f758ff76fc3a3be",
                "sha256:3471336e1acfd9c7fe507b8bad5af9317b6a89294f9eb37bd9a030bb7bebcdc6",
                "sha256:36512911ebb2b60a0c3e44d0bb5048c1980aced91235d133b7874f3d1d93487c",
                "sha256:398fcd4db988c7d7d3713e2b8e18939776fd3fb447052daae4f24fa39daede4c",
                "sha256:3d999bd982a723113c1a45b55a7a6a90d64d0ed2278020ed625c490ff7bef96c",
                "sha256:40e7b28b63aaf737cb3a1edc3a9bbc9a9f4ad3dcb7152e8c1130e4050eddcb7d",
                "sha256:411e85815652d13560fbe731878daa5d92378c4995a22302071890ec3397d019",
                "sha256:4413d0caef93c5cf50b96863df4c2efe8c269bf2267df353225595e7e15e8df7",
                "sha256:4766ab678563054d3f1d064a4db19cc4b5f9e3a8d9018592a8285cf200c248f3",
                "sha256:4dfcf8e45ebb0c663be34a3442f65e17311f3367089cd4e5e3a3e8e62c978777",
                "sha256:527e6342b3e44c2f0544f6b8e927d60de7f163f5723b8f1dfa7d2a84298738cd",
                "sha256:54a0dfecab1b48731f934e06139dfe11e24219fb6d0ceb32177cf0375f14c7b5",
                "sha256:5a0253224780c978746cb9be55a946bcdaf40fe3519c0f622924cdabdafe2c39",
                "sha256:5ac9444edc768c02a6b6a591f070b8aae28ff3a99be57560ac996001580f294c",
                "sha256:5c7cb4cbf894a1d36c720d713de507952c7c58f66d30834708f03dbe5c822ccf",
                "sha256:5c8ce6c61bd1b1f6b9c24ee32211599f6166af2c55abb19456090a21fd16554b",
                "sha256:5cdc05117180c5fa9c40eea8ea559ce64d73824c39d928b7da9fb5f6a9392433",
                "sha256:612b965daee295ae2da8f8218ce1d274645dc76ef3f1abf6a0a94fd57eff876d",
                "sha256:63a3ebbd543d3d1eda088ac99164e8c5bac15293ee91f20281fd17d050aee1c4",
                "sha256:66a7685d7e548f10fb4ce32fb01a7b7f4aa702134de92a292c7bd9e0d3dbd290",
                "sha256:6f3b3de8a74ef8db215f22edffb19e32dc6fa41340456de7ec99efdc8a7b3ec2",
                "sha256:6f9cae1f848779b5b01f417e762c40d026ea93eb0648249a604728cda991dde3",
                "sha256:718e1fc18edf573b02cb8aea868de8d8d33f99ce9620206aa9144b67b0985e94",
                "sha256:77b348775efd4cdab410ec6609d81ccecd1139c90265fa583a7255c8064bc03d",
                "sha256:7af18183109e23502c8b2ae7f6926c0882766f35b5175a4cd737ad825e4d7a1b",
                "sha256:7c729a73c7b1b84de3582f73cdd27d905121dc2c531f3d9a3c32a3011033b965",
                "sha256:83946ba43979ebfdc99a3cd0ee775c89f221df026984ba19d46133d8d75d3cd9",
                "sha256:840066105706cd2eb29b9a1c2329620056582a4bf3e8169dec5c447042d0869f",
                "sha256:863f5d12241ebe1c76a72a04c2113b6dc905f90b9cef0e9be0efd994affd9354",
                "sha256:864c261b3690e1207d14bbfe0a61e27567981b80c47a778561e49f676f7ce433",
                "sha256:89d19a9f7899e8eb0656a2b3a08e0da04c720a06db6e0033eab5928aabe60fa9",
                "sha256:8ffdb59fe88f99589e34354a130217aa1fd2d615612402d6edc8b3dbc7a44463",
                "sha256:96937c9c5d891f772430f418a7a8b4691a90c3e6b93cf72b5bd7cad8cbca32a5",
                "sha256:98062447aebc20ed20add1f547a364fd0ef8933640d5372ff1873f8deb9b61be",
                "sha256:995ce929eede89db6254b50827e2b7fd61e50d11f0b116b29fffe4a2e53c4580",
                "sha256:9b818ceff717f98851a64bffd4c5eb5b3059ae280276dcecc52ac658dcf006a4",
                "sha256:9fe06d93e72f1c048e731a2e3e7854a5bfaa58fc736068df90b352cefe66f03f",
                "sha256:a46fe069b65255df410f856d842bc235f90e22ffdf532dda625fd4213d3fd9b1",
                "sha256:a7e39a65b7d2a20e4ba2e0aaad1960b61cc2888d6ab047769f8347bd3c9ad915",
                "sha256:a99eaab34a9010f1a086b126de467466620a750634d114d20455f3a824aae033",
                "sha256:ab29414b25dcb698bf26bf213e3348abdcd07bbd5de032a5bec15bd75b298b03",
                "sha256:ace94261f43850e9e79f6c56636c5e0147978ab79eda5e5e5ebf13ae146fc8fe",
                "sha256:b4a9eaa6e7f4ff91bec10aa3fb296878e75187bced5cc4bafe17dc40915e1326",
                "sha256:b6937f5fe4e180aeee87de907a2fa982ded6f7f15d7218f78a083e4e1d68f2a0",
                "sha256:b9a339b79d37c1b45f3235265f07cdeb0cb5ad7acd2ac7720a5920989c17c24e",
                "sha256:ba3df2fc42a1cfa45b72cf096d4acb2b885937eedc61461081d53538d4a82a86",
                "sha256:c41321a14dd74aceb6a9a643b9253a334521babfa763fa873e33d89cfa122fb5",
                "sha256:c5ee5213445dd45312459029b8c4c0a695461eb517b753d2582315bd07995f5e",
                "sha256:c6528cefc8e50fcc6f4a107e27a672058b36cc5736d665476aeb413ba88dbb06",
                "sha256:cb4a1dacdd48077150dc762a9e5ddbf32c256d66cb46f80839391aa458774936",
                "sha256:cfa2517c94ea3af6deb46f81e1bbd884faa63e28481eb2f889989dd8d95e5f03",
                "sha256:d2fa0d7caca8635c56e373055094eeda3208d901d55dd0ff5abc1d4e47f82b56",
                "sha256:d3227a3bc228c10d21011a99245edca923e4e8bf461857e869a507d9a41fe9f6",
                "sha256:d6fcbba8c9fed08a73b8ac61ea79e4821e45b1e92bb466230c5e746bbf3d5256",
                "sha256:e4e184b1fb6072bf05388aa41c697e1b2d01b3473f107e7ec44f186a32cfd0b8",
                "sha256:ee2d84ef5eb6c04702d2e9c372ad557fb027f26a5d82804f749dfb14c7fdd2ab",
                "sha256:f12ae41fcafadb39b2785e64a40f9db05d6de2ac114077457e0e7c597f3af980",
                "sha256:f625abb7020e4af3432d95342daa1aa0db3fa369eed19807aa596367ba791b10",
                "sha256:f921f3cd87035ef7df233383011d7a53ea1d346224752c1385f1edfd790ceb6a",
                "sha256:fb1828cf3da68f99e45ebce1355d65d2d12b6a78fb5dfb16247aad6bdef5f5d2",
                "sha256:ffdd7dc5463ccd61845ac37b7012d0f35a1548df9febe14f8dd549be4a0bc81e"
            ],
            "index": "pypi",
            "markers": "python_version >= '3.9'",
            "version": "==2.9.12"
        },
        "python-dateutil": {
            "hashes": [
                "sha256:37dd54208da7e1cd875388217d5e00ebd4179249f90fb72437e91a35459a0ad3",
                "sha256:a8b2bc7bffae282281c8140a97d3aa9c14da0b136dfe83f850eea9a5f7470427"
            ],
            "markers": "python_version >= '2.7' and python_version not in '3.0, 3.1, 3.2, 3.3'",
            "version": "==2.9.0.post0"
        },
        "pytz": {
            "hashes": [
                "sha256:04156e608bee23d3792fd45c94ae47fae1036688e75032eea2e3bf0323d1f126",
                "sha256:0e60b47b29f21574376f218fe21abc009894a2321ea16c6754f3cad6eb7cdd6a"
            ],
            "index": "pypi",
            "version": "==2026.2"
        },
        "s3transfer": {
            "hashes": [
                "sha256:61bcd00ccb83b21a0fe7e91a553fff9729d46c83b4e0106e7c314a733891f7c2",
                "sha256:8e424355754b9ccb32467bdc568edf55be82692ef2002d934b1311dbb3b9e524"
            ],
            "markers": "python_version >= '3.9'",
            "version": "==0.16.1"
        },
        "six": {
            "hashes": [
                "sha256:4721f391ed90541fddacab5acf947aa0d3dc7d27b2e1e8eda2be8970586c3274",
                "sha256:ff70335d468e7eb6ec65b95b99d3a2836546063f63acc5171de367e834932a81"
            ],
            "markers": "python_version >= '2.7' and python_version not in '3.0, 3.1, 3.2, 3.3'",
            "version": "==1.17.0"
        },
        "tzlocal": {
            "hashes": [
                "sha256:cceffc7edecefea1f595541dbd6e990cb1ea3d19bf01b2809f362a03dd7921fd",
                "sha256:eb1a66c3ef5847adf7a834f1be0800581b683b5608e74f86ecbcef8ab91bb85d"
            ],
            "index": "pypi",
            "markers": "python_version >= '3.9'",
            "version": "==5.3.1"
        },
        "urllib3": {
            "hashes": [
                "sha256:0ed14ccfbf1c30a9072c7ca157e4319b70d65f623e91e7b32fadb2853431016e",
                "sha256:40c2dc0c681e47eb8f90e7e27bf6ff7df2e677421fd46756da1161c39ca70d32"
            ],
            "markers": "python_version < '3.10'",
            "version": "==1.26.20"
        }
    },
    "develop": {
        "astroid": {
            "hashes": [
                "sha256:3975a0bd5373bdce166e60c851cfcbaf21ee96de80ec518c1f4cb3e94c3fb334",
                "sha256:ab7f36e8a78b8e54a62028ba6beef7561db4cdb6f2a5009ecc44a6f42b5697ef"
            ],
            "markers": "python_version ~= '3.6'",
            "version": "==2.6.6"
        },
        "autopep8": {
            "hashes": [
                "sha256:9e136c472c475f4ee4978b51a88a494bfcd4e3ed17950a44a988d9e434837bea",
                "sha256:cae4bc0fb616408191af41d062d7ec7ef8679c7f27b068875ca3a9e2878d5443"
            ],
            "index": "pypi",
            "version": "==1.5.5"
        },
        "flake8": {
            "hashes": [
                "sha256:749dbbd6bfd0cf1318af27bf97a14e28e5ff548ef8e5b1566ccfb25a11e7c839",
                "sha256:aadae8761ec651813c24be05c6f7b4680857ef6afaae4651a4eccaef97ce6c3b"
            ],
            "index": "pypi",
            "markers": "python_version >= '2.7' and python_version not in '3.0, 3.1, 3.2, 3.3'",
            "version": "==3.8.4"
        },
        "isort": {
            "hashes": [
                "sha256:48fdfcb9face5d58a4f6dde2e72a1fb8dcaf8ab26f95ab49fab84c2ddefb0109",
                "sha256:8ca5e72a8d85860d5a3fa69b8745237f2939afe12dbf656afbcb47fe72d947a6"
            ],
            "markers": "python_full_version >= '3.8.0'",
            "version": "==5.13.2"
        },
        "jedi": {
            "hashes": [
                "sha256:86ed7d9b750603e4ba582ea8edc678657fb4007894a12bcf6f4bb97892f31d20",
                "sha256:98cc583fa0f2f8304968199b01b6b4b94f469a1f4a74c1560506ca2a211378b5"
            ],
            "markers": "python_version >= '2.7' and python_version not in '3.0, 3.1, 3.2, 3.3, 3.4'",
            "version": "==0.17.2"
        },
        "lazy-object-proxy": {
            "hashes": [
                "sha256:029d2b355076710505c9545aef5ab3f750d89779310e26ddf2b7b23f6ea03cd8",
                "sha256:08c465fb5cd23527512f9bd7b4c7ba6cec33e28aad36fbbe46bf7b858f9f3f7f",
                "sha256:0a83c6f7a6b2bfc11ef3ed67f8cbe99f8ff500b05655d8e7df9aab993a6abc95",
                "sha256:1192e8c2f1031a6ff453ee40213afa01ba765b3dc861302cd91dbdb2e2660b00",
                "sha256:14e348185adbd03ec17d051e169ec45686dcd840a3779c9d4c10aabe2ca6e1c0",
                "sha256:15400b18893f345857b9e18b9bd87bd06aba84af6ed086187add70aeaa3f93f1",
                "sha256:1cf69cd1a6c7fe2dbcc3edaa017cf010f4192e53796538cc7d5e1fedbfa4bcff",
                "sha256:1f5a462d92fd0cfb82f1fab28b51bfb209fabbe6aabf7f0d51472c0c124c0c61",
                "sha256:256262384ebd2a77b023ad02fbcc9326282bcfd16484d5531154b02bc304f4c5",
                "sha256:31020c84005d3daa4cc0fa5a310af2066efe6b0d82aeebf9ab199292652ff036",
                "sha256:338ab2f132276203e404951205fe80c3fd59429b3a724e7b662b2eb539bb1be9",
                "sha256:3605b632e82a1cbc32a1e5034278a64db555b3496e0795723ee697006b980508",
                "sha256:3d3964fbd326578bcdfffd017ef101b6fb0484f34e731fe060ba9b8816498c36",
                "sha256:424a8ab6695400845c39f13c685050eab69fa0bbac5790b201cd27375e5e41d7",
                "sha256:4a79b909aa16bde8ae606f06e6bbc9d3219d2e57fb3e0076e17879072b742c65",
                "sha256:4ab2c584e3cc8be0dfca422e05ad30a9abe3555ce63e9ab7a559f62f8dbc6ff9",
                "sha256:53c7fd99eb156bbb82cbc5d5188891d8fdd805ba6c1e3b92b90092da2a837073",
                "sha256:563d2ec8e4d4b68ee7848c5ab4d6057a6d703cb7963b342968bb8758dda33a23",
                "sha256:61d5e3310a4aa5792c2b599a7a78ccf8687292c8eb09cf187cca8f09cf6a7519",
                "sha256:6763941dbf97eea6b90f5b06eb4da9418cc088fce0e3883f5816090f9afcde4a",
                "sha256:67f07ab742f1adfb3966c40f630baaa7902be4222a17941f3d85fd1dae5565ff",
                "sha256:717484c309df78cedf48396e420fa57fc8a2b1f06ea889df7248fdd156e58847",
                "sha256:75ba769017b944fcacbf6a80c18b2761a1795b03f8899acdad1f1c39db4409be",
                "sha256:7601ec171c7e8584f8ff3f4e440aa2eebf93e854f04639263875b8c2971f819f",
                "sha256:7b22c2bbfb155706b928ac4d74c1a63ac8552a55ba7fff4445155523ea4067e1",
                "sha256:800f32b00a47c27446a2b767df7538e6c66a3488632c402b4fb2224f9794f3c0",
                "sha256:81d1852fb30fab81696f93db1b1e55a5d1ff7940838191062f5f56987d5fcc3e",
                "sha256:86fd61cb2ba249b9f436d789d1356deae69ad3231dc3c0f17293ac535162672e",
                "sha256:8c40b3c9faee2e32bfce0df4ae63f4e73529766893258eca78548bac801c8f66",
                "sha256:8ee0d6027b760a11cc18281e702c0309dd92da458a74b4c15025d7fc490deede",
                "sha256:997b1d6e10ecc6fb6fe0f2c959791ae59599f41da61d652f6c903d1ee58b7370",
                "sha256:a61095f5d9d1a743e1e20ec6d6db6c2ca511961777257ebd9b288951b23b44fa",
                "sha256:a6b7ea5ea1ffe15059eb44bcbcb258f97bcb40e139b88152c40d07b1a1dfc9ac",
                "sha256:ae575ad9b674d0029fc077c5231b3bc6b433a3d1a62a8c363df96974b5534728",
                "sha256:be5fe974e39ceb0d6c9db0663c0464669cf866b2851c73971409b9566e880eab",
                "sha256:be9045646d83f6c2664c1330904b245ae2371b5c57a3195e4028aedc9f999655",
                "sha256:c1ca33565f698ac1aece152a10f432415d1a2aa9a42dfe23e5ba2bc255ab91f6",
                "sha256:c3b2e0af1f7f77c4263759c4824316ce458fabe0fceadcd24ef8ca08b2d1e402",
                "sha256:c4fcbe74fb85df8ba7825fa05eddca764138da752904b378f0ae5ab33a36c308",
                "sha256:c9defba70ab943f1df98a656247966d7729da2fe9c2d5d85346464bf320820a3",
                "sha256:cc6e3614eca88b1c8a625fc0a47d0d745e7c3255b21dac0e30b3037c5e3deeb8",
                "sha256:d01c7819a410f7c255b20799b65d36b414379a30c6f1684c7bd7eb6777338c1b",
                "sha256:efff4375a8c52f55a145dc8487a2108c2140f0bec4151ab4e1843e52eb9987ad",
                "sha256:fdc70d81235fc586b9e3d1aeef7d1553259b62ecaae9db2167a5d2550dcc391a"
            ],
            "markers": "python_version >= '3.9'",
            "version": "==1.12.0"
        },
        "mccabe": {
            "hashes": [
                "sha256:ab8a6258860da4b6677da4bd2fe5dc2c659cff31b3ee4f7f5d64e79735b80d42",
                "sha256:dd8d182285a0fe56bace7f45b5e7d1a6ebcbf524e8f3bd87eb0f125271b8831f"
            ],
            "version": "==0.6.1"
        },
        "packaging": {
            "hashes": [
                "sha256:5fc45236b9446107ff2415ce77c807cee2862cb6fac22b8a73826d0693b0980e",
                "sha256:ff452ff5a3e828ce110190feff1178bb1f2ea2281fa2075aadb987c2fb221661"
            ],
            "markers": "python_version >= '3.8'",
            "version": "==26.2"
        },
        "parso": {
            "hashes": [
                "sha256:97218d9159b2520ff45eb78028ba8b50d2bc61dcc062a9682666f2dc4bd331ea",
                "sha256:caba44724b994a8a5e086460bb212abc5a8bc46951bf4a9a1210745953622eb9"
            ],
            "markers": "python_version >= '2.7' and python_version not in '3.0, 3.1, 3.2, 3.3'",
            "version": "==0.7.1"
        },
        "platformdirs": {
            "hashes": [
                "sha256:abd01743f24e5287cd7a5db3752faf1a2d65353f38ec26d98e25a6db65958c85",
                "sha256:ca753cf4d81dc309bc67b0ea38fd15dc97bc30ce419a7f58d13eb3bf14c4febf"
            ],
            "markers": "python_version >= '3.9'",
            "version": "==4.4.0"
        },
        "pluggy": {
            "hashes": [
                "sha256:7dcc130b76258d33b90f61b658791dede3486c3e6bfb003ee5c9bfb396dd22f3",
                "sha256:e920276dd6813095e9377c0bc5566d94c932c33b27a3e3945d8389c374dd4746"
            ],
            "markers": "python_version >= '3.9'",
            "version": "==1.6.0"
        },
        "pycodestyle": {
            "hashes": [
                "sha256:2295e7b2f6b5bd100585ebcb1f616591b652db8a741695b3d8f5d28bdc934367",
                "sha256:c58a7d2815e0e8d7972bf1803331fb0152f867bd89adf8a01dfd55085434192e"
            ],
            "markers": "python_version >= '2.7' and python_version not in '3.0, 3.1, 3.2, 3.3'",
            "version": "==2.6.0"
        },
        "pydocstyle": {
            "hashes": [
                "sha256:118762d452a49d6b05e194ef344a55822987a462831ade91ec5c06fd2169d019",
                "sha256:7ce43f0c0ac87b07494eb9c0b462c0b73e6ff276807f204d6b53edc72b7e44e1"
            ],
            "version": "==6.3.0"
        },
        "pyflakes": {
            "hashes": [
                "sha256:0d94e0e05a19e57a99444b6ddcf9a6eb2e5c68d3ca1e98e90707af8152c90a92",
                "sha256:35b2d75ee967ea93b55750aa9edbbf72813e06a66ba54438df2cfac9e3c27fc8"
            ],
            "markers": "python_version >= '2.7' and python_version not in '3.0, 3.1, 3.2, 3.3'",
            "version": "==2.2.0"
        },
        "pylint": {
            "hashes": [
                "sha256:586d8fa9b1891f4b725f587ef267abe2a1bad89d6b184520c7f07a253dd6e217",
                "sha256:f7e2072654a6b6afdf5e2fb38147d3e2d2d43c89f648637baab63e026481279b"
            ],
            "index": "pypi",
            "markers": "python_version ~= '3.6'",
            "version": "==2.8.2"
        },
        "python-jsonrpc-server": {
            "hashes": [
                "sha256:62c543e541f101ec5b57dc654efc212d2c2e3ea47ff6f54b2e7dcb36ecf20595",
                "sha256:e5a908ff182e620aac07db5f57887eeb0afe33993008f57dc1b85b594cea250c"
            ],
            "version": "==0.4.0"
        },
        "python-language-server": {
            "extras": [
                "all"
            ],
            "hashes": [
                "sha256:9984c84a67ee2c5102c8e703215f407fcfa5e62b0ae86c9572d0ada8c4b417b0",
                "sha256:a0ad0aca03f4a20c1c40f4f230c6773eac82c9b7cdb026cb09ba10237f4815d5"
            ],
            "version": "==0.36.2"
        },
        "pytoolconfig": {
            "extras": [
                "global"
            ],
            "hashes": [
                "sha256:51e6bd1a6f108238ae6aab6a65e5eed5e75d456be1c2bf29b04e5c1e7d7adbae",
                "sha256:5d8cea8ae1996938ec3eaf44567bbc5ef1bc900742190c439a44a704d6e1b62b"
            ],
            "markers": "python_version >= '3.8'",
            "version": "==1.3.1"
        },
        "rope": {
            "hashes": [
                "sha256:00a7ea8c0c376fc0b053b2f2f8ef3bfb8b50fecf1ebf3eb80e4f8bd7f1941918",
                "sha256:8803e3b667315044f6270b0c69a10c0679f9f322ed8efe6245a93ceb7658da69"
            ],
            "version": "==1.14.0"
        },
        "setuptools": {
            "hashes": [
                "sha256:7d872682c5d01cfde07da7bccc7b65469d3dca203318515ada1de5eda35efbf9",
                "sha256:a59e362652f08dcd477c78bb6e7bd9d80a7995bc73ce773050228a348ce2e5bb"
            ],
            "markers": "python_version >= '3.9'",
            "version": "==82.0.1"
        },
        "snowballstemmer": {
            "hashes": [
                "sha256:6cd7b3897da8d6c9ffb968a6781fa6532dce9c3618a4b127d920dab764a19064",
                "sha256:6d5eeeec8e9f84d4d56b847692bacf79bc2c8e90c7f80ca4444ff8b6f2e52895"
            ],
            "markers": "python_version not in '3.0, 3.1, 3.2, 3.3'",
            "version": "==3.0.1"
        },
        "toml": {
            "hashes": [
                "sha256:806143ae5bfb6a3c6e736a764057db0e6a0e05e338b5630894a5f779cabb4f9b",
                "sha256:b3bda1d108d5dd99f4a20d24d9c348e91c4db7ab1b749200bded2f839ccbe68f"
            ],
            "markers": "python_version >= '2.6' and python_version not in '3.0, 3.1, 3.2, 3.3'",
            "version": "==0.10.2"
        },
        "tomli": {
            "hashes": [
                "sha256:01f520d4f53ef97964a240a035ec2a869fe1a37dde002b57ebc4417a27ccd853",
                "sha256:0d85819802132122da43cb86656f8d1f8c6587d54ae7dcaf30e90533028b49fe",
                "sha256:136443dbd7e1dee43c68ac2694fde36b2849865fa258d39bf822c10e8068eac5",
                "sha256:1d8591993e228b0c930c4bb0db464bdad97b3289fb981255d6c9a41aedc84b2d",
                "sha256:2190f2e9dd7508d2a90ded5ed369255980a1bcdd58e52f7fe24b8162bf9fedbd",
                "sha256:2c1c351919aca02858f740c6d33adea0c5deea37f9ecca1cc1ef9e884a619d26",
                "sha256:36d2bd2ad5fb9eaddba5226aa02c8ec3fa4f192631e347b3ed28186d43be6b54",
                "sha256:3d48a93ee1c9b79c04bb38772ee1b64dcf18ff43085896ea460ca8dec96f35f6",
                "sha256:47149d5bd38761ac8be13a84864bf0b7b70bc051806bc3669ab1cbc56216b23c",
                "sha256:4ab97e64ccda8756376892c53a72bd1f964e519c77236368527f758fbc36a53a",
                "sha256:4b605484e43cdc43f0954ddae319fb75f04cc10dd80d830540060ee7cd0243cd",
                "sha256:504aa796fe0569bb43171066009ead363de03675276d2d121ac1a4572397870f",
                "sha256:51529d40e3ca50046d7606fa99ce3956a617f9b36380da3b7f0dd3dd28e68cb5",
                "sha256:52c8ef851d9a240f11a88c003eacb03c31fc1c9c4ec64a99a0f922b93874fda9",
                "sha256:559db847dc486944896521f68d8190be1c9e719fced785720d2216fe7022b662",
                "sha256:5a881ab208c0baf688221f8cecc5401bd291d67e38a1ac884d6736cbcd8247e9",
                "sha256:5cb41aa38891e073ee49d55fbc7839cfdb2bc0e600add13874d048c94aadddd1",
                "sha256:5e262d41726bc187e69af7825504c933b6794dc3fbd5945e41a79bb14c31f585",
                "sha256:5ee18d9ebdb417e384b58fe414e8d6af9f4e7a0ae761519fb50f721de398dd4e",
                "sha256:7008df2e7655c495dd12d2a4ad038ff878d4ca4b81fccaf82b714e07eae4402c",
                "sha256:734e20b57ba95624ecf1841e72b53f6e186355e216e5412de414e3c51e5e3c41",
                "sha256:7c7e1a961a0b2f2472c1ac5b69affa0ae1132c39adcb67aba98568702b9cc23f",
                "sha256:7f86fd587c4ed9dd76f318225e7d9b29cfc5a9d43de44e5754db8d1128487085",
                "sha256:7f94b27a62cfad8496c8d2513e1a222dd446f095fca8987fceef261225538a15",
                "sha256:88dceee75c2c63af144e456745e10101eb67361050196b0b6af5d717254dddf7",
                "sha256:8a650c2dbafa08d42e51ba0b62740dae4ecb9338eefa093aa5c78ceb546fcd5c",
                "sha256:8d65a2fbf9d2f8352685bc1364177ee3923d6baf5e7f43ea4959d7d8bc326a36",
                "sha256:96481a5786729fd470164b47cdb3e0e58062a496f455ee41b4403be77cb5a076",
                "sha256:a120733b01c45e9a0c34aeef92bf0cf1d56cfe81ed9d47d562f9ed591a9828ac",
                "sha256:b1d22e6e9387bf4739fbe23bfa80e93f6b0373a7f1b96c6227c32bef95a4d7a8",
                "sha256:b8c198f8c1805dc42708689ed6864951fd2494f924149d3e4bce7710f8eb5232",
                "sha256:c2541745709bad0264b7d4705ad453b76ccd191e64aa6f0fc66b69a293a45ece",
                "sha256:c742f741d58a28940ce01d58f0ab2ea3ced8b12402f162f4d534dfe18ba1cd6a",
                "sha256:c7f2c7f2b9ca6bdeef8f0fa897f8e05085923eb091721675170254cbc5b02897",
                "sha256:d312ef37c91508b0ab2cee7da26ec0b3ed2f03ce12bd87a588d771ae15dcf82d",
                "sha256:d4d8fe59808a54658fcc0160ecfb1b30f9089906c50b23bcb4c69eddc19ec2b4",
                "sha256:da25dc3563bff5965356133435b757a795a17b17d01dbc0f42fb32447ddfd917",
                "sha256:eab21f45c7f66c13f2a9e0e1535309cee140182a9cdae1e041d02e47291e8396",
                "sha256:eb0dc4e38e6a1fd579e5d50369aa2e10acfc9cace504579b2faabb478e76941a",
                "sha256:ec9bfaf3ad2df51ace80688143a6a4ebc09a248f6ff781a9945e51937008fcbc",
                "sha256:ede3e6487c5ef5d28634ba3f31f989030ad6af71edfb0055cbbd14189ff240ba",
                "sha256:f3c6818a1a86dd6dca7ddcaaf76947d5ba31aecc28cb1b67009a5877c9a64f3f",
                "sha256:f758f1b9299d059cc3f6546ae2af89670cb1c4d48ea29c3cacc4fe7de3058257",
                "sha256:f8f0fc26ec2cc2b965b7a3b87cd19c5c6b8c5e5f436b984e85f486d652285c30",
                "sha256:fd0409a3653af6c147209d267a0e4243f0ae46b011aa978b1080359fddc9b6cf",
                "sha256:ff18e6a727ee0ab0388507b89d1bc6a22b138d1e2fa56d1ad494586d61d2eae9",
                "sha256:ff2983983d34813c1aeb0fa89091e76c3a22889ee83ab27c5eeb45100560c049"
            ],
            "markers": "python_version < '3.11'",
            "version": "==2.4.1"
        },
        "ujson": {
            "hashes": [
                "sha256:0180a480a7d099082501cad1fe85252e4d4bf926b40960fb3d9e87a3a6fbbc80",
                "sha256:04c41afc195fd477a59db3a84d5b83a871bd648ef371cf8c6f43072d89144eef",
                "sha256:0654a2691fc252c3c525e3d034bb27b8a7546c9d3eb33cd29ce6c9feda361a6a",
                "sha256:090b4d11b380ae25453100b722d0609d5051ffe98f80ec52853ccf8249dfd840",
                "sha256:109f59885041b14ee9569bf0bb3f98579c3fa0652317b355669939e5fc5ede53",
                "sha256:10f29e71ecf4ecd93a6610bd8efa8e7b6467454a363c3d6416db65de883eb076",
                "sha256:1194b943e951092db611011cb8dbdb6cf94a3b816ed07906e14d3bc6ce0e90ab",
                "sha256:12b5e7e22a1fe01058000d1b317d3b65cc3daf61bd2ea7a2b76721fe160fa74d",
                "sha256:16ccb973b7ada0455201808ff11d48fe9c3f034a6ab5bd93b944443c88299f89",
                "sha256:181fb5b15703a8b9370b25345d2a1fd1359f0f18776b3643d24e13ed9c036d4c",
                "sha256:185f93ebccffebc8baf8302c869fac70dd5dd78694f3b875d03a31b03b062cdb",
                "sha256:1a0a9b76a89827a592656fe12e000cf4f12da9692f51a841a4a07aa4c7ecc41c",
                "sha256:1a325fd2c3a056cf6c8e023f74a0c478dd282a93141356ae7f16d5309f5ff823",
                "sha256:1aa8a2ab482f09f6c10fba37112af5f957689a79ea598399c85009f2f29898b5",
                "sha256:1d663b96eb34c93392e9caae19c099ec4133ba21654b081956613327f0e973ac",
                "sha256:29113c003ca33ab71b1b480bde952fbab2a0b6b03a4ee4c3d71687cdcbd1a29d",
                "sha256:30f607c70091483550fbd669a0b37471e5165b317d6c16e75dba2aa967608723",
                "sha256:3134b783ab314d2298d58cda7e47e7a0f7f71fc6ade6ac86d5dbeaf4b9770fa6",
                "sha256:34032aeca4510a7c7102bd5933f59a37f63891f30a0706fb46487ab6f0edf8f0",
                "sha256:3772e4fe6b0c1e025ba3c50841a0ca4786825a4894c8411bf8d3afe3a8061328",
                "sha256:3d2720e9785f84312b8e2cb0c2b87f1a0b1c53aaab3b2af3ab817d54409012e0",
                "sha256:416389ec19ef5f2013592f791486bef712ebce0cd59299bf9df1ba40bb2f6e04",
                "sha256:446e8c11c06048611c9d29ef1237065de0af07cabdd97e6b5b527b957692ec25",
                "sha256:4598bf3965fc1a936bd84034312bcbe00ba87880ef1ee33e33c1e88f2c398b49",
                "sha256:48055e1061c1bb1f79e75b4ac39e821f3f35a9b82de17fce92c3140149009bec",
                "sha256:4843f3ab4fe1cc596bb7e02228ef4c25d35b4bb0809d6a260852a4bfcab37ba3",
                "sha256:49e56ef8066f11b80d620985ae36869a3ff7e4b74c3b6129182ec5d1df0255f3",
                "sha256:4b42c115c7c6012506e8168315150d1e3f76e7ba0f4f95616f4ee599a1372bbc",
                "sha256:4c9f5d6a27d035dd90a146f7761c2272cf7103de5127c9ab9c4cd39ea61e878a",
                "sha256:5600202a731af24a25e2d7b6eb3f648e4ecd4bb67c4d5cf12f8fab31677469c9",
                "sha256:65724738c73645db88f70ba1f2e6fb678f913281804d5da2fd02c8c5839af302",
                "sha256:65f3c279f4ed4bf9131b11972040200c66ae040368abdbb21596bf1564899694",
                "sha256:674f306e3e6089f92b126eb2fe41bcb65e42a15432c143365c729fdb50518547",
                "sha256:683f57f0dd3acdd7d9aff1de0528d603aafcb0e6d126e3dc7ce8b020a28f5d01",
                "sha256:6b6ec7e7321d7fc19abdda3ad809baef935f49673951a8bab486aea975007e02",
                "sha256:6cd2df62f24c506a0ba322d5e4fe4466d47a9467b57e881ee15a31f7ecf68ff6",
                "sha256:6dd703c3e86dc6f7044c5ac0b3ae079ed96bf297974598116aa5fb7f655c3a60",
                "sha256:6eff24e1abd79e0ec6d7eae651dd675ddbc41f9e43e29ef81e16b421da896915",
                "sha256:7855ccea3f8dad5e66d8445d754fc1cf80265a4272b5f8059ebc7ec29b8d0835",
                "sha256:787aff4a84da301b7f3bac09bc696e2e5670df829c6f8ecf39916b4e7e24e701",
                "sha256:7895f0d2d53bd6aea11743bd56e3cb82d729980636cd0ed9b89418bf66591702",
                "sha256:78c684fb21255b9b90320ba7e199780f653e03f6c2528663768965f4126a5b50",
                "sha256:7e0ec1646db172beb8d3df4c32a9d78015e671d2000af548252769e33079d9a6",
                "sha256:7e3cff632c1d78023b15f7e3a81c3745cd3f94c044d1e8fa8efbd6b161997bbc",
                "sha256:7f1a27ab91083b4770e160d17f61b407f587548f2c2b5fbf19f94794c495594a",
                "sha256:80017e870d882d5517d28995b62e4e518a894f932f1e242cbc802a2fd64d365c",
                "sha256:8254e858437c00f17cb72e7a644fc42dad0ebb21ea981b71df6e84b1072aaa7c",
                "sha256:837da4d27fed5fdc1b630bd18f519744b23a0b5ada1bbde1a36ba463f2900c03",
                "sha256:849e65b696f0d242833f1df4182096cedc50d414215d1371fca85c541fbff629",
                "sha256:85e6796631165f719084a9af00c79195d3ebf108151452fefdcb1c8bb50f0105",
                "sha256:86baf341d90b566d61a394869ce77188cc8668f76d7bb2c311d77a00f4bdf844",
                "sha256:8fa2af7c1459204b7a42e98263b069bd535ea0cd978b4d6982f35af5a04a4241",
                "sha256:94fcae844f1e302f6f8095c5d1c45a2f0bfb928cccf9f1b99e3ace634b980a2a",
                "sha256:952c0be400229940248c0f5356514123d428cba1946af6fa2bbd7503395fef26",
                "sha256:99c49400572cd77050894e16864a335225191fd72a818ea6423ae1a06467beac",
                "sha256:9aacbeb23fdbc4b256a7d12e0beb9063a1ba5d9e0dbb2cfe16357c98b4334596",
                "sha256:a0af6574fc1d9d53f4ff371f58c96673e6d988ed2b5bf666a6143c782fa007e9",
                "sha256:a31c6b8004438e8c20fc55ac1c0e07dad42941db24176fe9acf2815971f8e752",
                "sha256:a4df61a6df0a4a8eb5b9b1ffd673429811f50b235539dac586bb7e9e91994138",
                "sha256:a638425d3c6eed0318df663df44480f4a40dc87cc7c6da44d221418312f6413b",
                "sha256:aa6b3d4f1c0d3f82930f4cbd7fe46d905a4a9205a7c13279789c1263faf06dba",
                "sha256:aa6d7a5e09217ff93234e050e3e380da62b084e26b9f2e277d2606406a2fc2e5",
                "sha256:ab2cb8351d976e788669c8281465d44d4e94413718af497b4e7342d7b2f78018",
                "sha256:abae0fb58cc820092a0e9e8ba0051ac4583958495bfa5262a12f628249e3b362",
                "sha256:b16930f6a0753cdc7d637b33b4e8f10d5e351e1fb83872ba6375f1e87be39746",
                "sha256:b7b136cc6abc7619124fd897ef75f8e63105298b5ca9bdf43ebd0e1fa0ee105f",
                "sha256:be6b0eaf92cae8cdee4d4c9e074bde43ef1c590ed5ba037ea26c9632fb479c88",
                "sha256:c44c703842024d796b4c78542a6fcd5c3cb948b9fc2a73ee65b9c86a22ee3638",
                "sha256:c6618f480f7c9ded05e78a1938873fde68baf96cdd74e6d23c7e0a8441175c4b",
                "sha256:ce076f2df2e1aa62b685086fbad67f2b1d3048369664b4cdccc50707325401f9",
                "sha256:d06e87eded62ff0e5f5178c916337d2262fdbc03b31688142a3433eabb6511db",
                "sha256:d7c46cb0fe5e7056b9acb748a4c35aa1b428025853032540bb7e41f46767321f",
                "sha256:d8951bb7a505ab2a700e26f691bdfacf395bc7e3111e3416d325b513eea03a58",
                "sha256:da473b23e3a54448b008d33f742bcd6d5fb2a897e42d1fc6e7bf306ea5d18b1b",
                "sha256:de6e88f62796372fba1de973c11138f197d3e0e1d80bcb2b8aae1e826096d433",
                "sha256:e204ae6f909f099ba6b6b942131cee359ddda2b6e4ea39c12eb8b991fe2010e0",
                "sha256:e73df8648c9470af2b6a6bf5250d4744ad2cf3d774dcf8c6e31f018bdd04d764",
                "sha256:e750c436fb90edf85585f5c62a35b35082502383840962c6983403d1bd96a02c",
                "sha256:e979fbc469a7f77f04ec2f4e853ba00c441bf2b06720aa259f0f720561335e34",
                "sha256:ecd6ff8a3b5a90c292c2396c2d63c687fd0ecdf17de390d852524393cd9ed052",
                "sha256:f278b31a7c52eb0947b2db55a5133fbc46b6f0ef49972cd1a80843b72e135aba",
                "sha256:f62b9976fabbcde3ab6e413f4ec2ff017749819a0786d84d7510171109f2d53c",
                "sha256:fa79fdb47701942c2132a9dd2297a1a85941d966d8c87bfd9e29b0cf423f26cc",
                "sha256:fac6c0649d6b7c3682a0a6e18d3de6857977378dce8d419f57a0b20e3d775b39"
            ],
            "markers": "python_version >= '3.1'",
            "version": "==5.11.0"
        },
        "wrapt": {
            "hashes": [
                "sha256:b62ffa81fb85f4332a4f609cab4ac40709470da05643a082ec1eb88e6d9b97d7"
            ],
            "version": "==1.12.1"
        },
        "yapf": {
            "hashes": [
                "sha256:00d3aa24bfedff9420b2e0d5d9f5ab6d9d4268e72afbf59bb3fa542781d5218e",
                "sha256:224faffbc39c428cb095818cf6ef5511fdab6f7430a10783fdfb292ccf2852ca"
            ],
            "version": "==0.43.0"
        }
    }
}
